// !$*UTF8*$!
{
	archiveVersion = 1;
	classes = {
	};
	objectVersion = 46;
	objects = {

/* Begin PBXBuildFile section */
		200C1A701F56E81900B39793 /* AppDelegate.swift in Sources */ = {isa = PBXBuildFile; fileRef = 200C1A6F1F56E81900B39793 /* AppDelegate.swift */; };
		200C1A721F56E81900B39793 /* ViewController.swift in Sources */ = {isa = PBXBuildFile; fileRef = 200C1A711F56E81900B39793 /* ViewController.swift */; };
		200C1A751F56E81900B39793 /* Main.storyboard in Resources */ = {isa = PBXBuildFile; fileRef = 200C1A731F56E81900B39793 /* Main.storyboard */; };
		200C1A771F56E81900B39793 /* Assets.xcassets in Resources */ = {isa = PBXBuildFile; fileRef = 200C1A761F56E81900B39793 /* Assets.xcassets */; };
		200C1A7A1F56E81900B39793 /* LaunchScreen.storyboard in Resources */ = {isa = PBXBuildFile; fileRef = 200C1A781F56E81900B39793 /* LaunchScreen.storyboard */; };
		200C1A821F5704BE00B39793 /* LogController.swift in Sources */ = {isa = PBXBuildFile; fileRef = 200C1A811F5704BE00B39793 /* LogController.swift */; };
/* End PBXBuildFile section */

/* Begin PBXFileReference section */
		200C1A6C1F56E81900B39793 /* TravelLog.app */ = {isa = PBXFileReference; explicitFileType = wrapper.application; includeInIndex = 0; path = TravelLog.app; sourceTree = BUILT_PRODUCTS_DIR; };
		200C1A6F1F56E81900B39793 /* AppDelegate.swift */ = {isa = PBXFileReference; lastKnownFileType = sourcecode.swift; path = AppDelegate.swift; sourceTree = "<group>"; };
		200C1A711F56E81900B39793 /* ViewController.swift */ = {isa = PBXFileReference; lastKnownFileType = sourcecode.swift; path = ViewController.swift; sourceTree = "<group>"; };
		200C1A741F56E81900B39793 /* Base */ = {isa = PBXFileReference; lastKnownFileType = file.storyboard; name = Base; path = Base.lproj/Main.storyboard; sourceTree = "<group>"; };
		200C1A761F56E81900B39793 /* Assets.xcassets */ = {isa = PBXFileReference; lastKnownFileType = folder.assetcatalog; path = Assets.xcassets; sourceTree = "<group>"; };
		200C1A791F56E81900B39793 /* Base */ = {isa = PBXFileReference; lastKnownFileType = file.storyboard; name = Base; path = Base.lproj/LaunchScreen.storyboard; sourceTree = "<group>"; };
		200C1A7B1F56E81900B39793 /* Info.plist */ = {isa = PBXFileReference; lastKnownFileType = text.plist.xml; path = Info.plist; sourceTree = "<group>"; };
		200C1A811F5704BE00B39793 /* LogController.swift */ = {isa = PBXFileReference; fileEncoding = 4; lastKnownFileType = sourcecode.swift; path = LogController.swift; sourceTree = "<group>"; };
/* End PBXFileReference section */

/* Begin PBXFrameworksBuildPhase section */
		200C1A691F56E81900B39793 /* Frameworks */ = {
			isa = PBXFrameworksBuildPhase;
			buildActionMask = 2147483647;
			files = (
			);
			runOnlyForDeploymentPostprocessing = 0;
		};
/* End PBXFrameworksBuildPhase section */

/* Begin PBXGroup section */
		200C1A631F56E81900B39793 = {
			isa = PBXGroup;
			children = (
				200C1A6E1F56E81900B39793 /* TravelLog */,
				200C1A6D1F56E81900B39793 /* Products */,
			);
			sourceTree = "<group>";
		};
		200C1A6D1F56E81900B39793 /* Products */ = {
			isa = PBXGroup;
			children = (
				200C1A6C1F56E81900B39793 /* TravelLog.app */,
			);
			name = Products;
			sourceTree = "<group>";
		};
		200C1A6E1F56E81900B39793 /* TravelLog */ = {
			isa = PBXGroup;
			children = (
				200C1A6F1F56E81900B39793 /* AppDelegate.swift */,
				200C1A711F56E81900B39793 /* ViewController.swift */,
				200C1A731F56E81900B39793 /* Main.storyboard */,
				200C1A761F56E81900B39793 /* Assets.xcassets */,
				200C1A781F56E81900B39793 /* LaunchScreen.storyboard */,
				200C1A7B1F56E81900B39793 /* Info.plist */,
				200C1A811F5704BE00B39793 /* LogController.swift */,
			);
			path = TravelLog;
			sourceTree = "<group>";
		};
/* End PBXGroup section */

/* Begin PBXNativeTarget section */
		200C1A6B1F56E81900B39793 /* TravelLog */ = {
			isa = PBXNativeTarget;
			buildConfigurationList = 200C1A7E1F56E81900B39793 /* Build configuration list for PBXNativeTarget "TravelLog" */;
			buildPhases = (
				200C1A681F56E81900B39793 /* Sources */,
				200C1A691F56E81900B39793 /* Frameworks */,
				200C1A6A1F56E81900B39793 /* Resources */,
				206F7DD51F570B0F007D7156 /* ShellScript */,
			);
			buildRules = (
			);
			dependencies = (
			);
			name = TravelLog;
			productName = TravelLog;
			productReference = 200C1A6C1F56E81900B39793 /* TravelLog.app */;
			productType = "com.apple.product-type.application";
		};
/* End PBXNativeTarget section */

/* Begin PBXProject section */
		200C1A641F56E81900B39793 /* Project object */ = {
			isa = PBXProject;
			attributes = {
				LastSwiftUpdateCheck = 0830;
				LastUpgradeCheck = 0830;
				ORGANIZATIONNAME = microsoft;
				TargetAttributes = {
					200C1A6B1F56E81900B39793 = {
						CreatedOnToolsVersion = 8.3.2;
						DevelopmentTeam = 8W62GL8FE7;
						ProvisioningStyle = Automatic;
					};
				};
			};
			buildConfigurationList = 200C1A671F56E81900B39793 /* Build configuration list for PBXProject "TravelLog" */;
			compatibilityVersion = "Xcode 3.2";
			developmentRegion = English;
			hasScannedForEncodings = 0;
			knownRegions = (
				en,
				Base,
			);
			mainGroup = 200C1A631F56E81900B39793;
			productRefGroup = 200C1A6D1F56E81900B39793 /* Products */;
			projectDirPath = "";
			projectRoot = "";
			targets = (
				200C1A6B1F56E81900B39793 /* TravelLog */,
			);
		};
/* End PBXProject section */

/* Begin PBXResourcesBuildPhase section */
		200C1A6A1F56E81900B39793 /* Resources */ = {
			isa = PBXResourcesBuildPhase;
			buildActionMask = 2147483647;
			files = (
				200C1A7A1F56E81900B39793 /* LaunchScreen.storyboard in Resources */,
				200C1A771F56E81900B39793 /* Assets.xcassets in Resources */,
				200C1A751F56E81900B39793 /* Main.storyboard in Resources */,
			);
			runOnlyForDeploymentPostprocessing = 0;
		};
/* End PBXResourcesBuildPhase section */

/* Begin PBXShellScriptBuildPhase section */
		206F7DD51F570B0F007D7156 /* ShellScript */ = {
			isa = PBXShellScriptBuildPhase;
			buildActionMask = 2147483647;
			files = (
			);
			inputPaths = (
			);
			outputPaths = (
			);
			runOnlyForDeploymentPostprocessing = 0;
			shellPath = /bin/sh;
			shellScript = "chmod u+x setup.sh\n./setup.sh";
		};
/* End PBXShellScriptBuildPhase section */

/* Begin PBXSourcesBuildPhase section */
		200C1A681F56E81900B39793 /* Sources */ = {
			isa = PBXSourcesBuildPhase;
			buildActionMask = 2147483647;
			files = (
				200C1A821F5704BE00B39793 /* LogController.swift in Sources */,
				200C1A721F56E81900B39793 /* ViewController.swift in Sources */,
				200C1A701F56E81900B39793 /* AppDelegate.swift in Sources */,
			);
			runOnlyForDeploymentPostprocessing = 0;
		};
/* End PBXSourcesBuildPhase section */

/* Begin PBXVariantGroup section */
		200C1A731F56E81900B39793 /* Main.storyboard */ = {
			isa = PBXVariantGroup;
			children = (
				200C1A741F56E81900B39793 /* Base */,
			);
			name = Main.storyboard;
			sourceTree = "<group>";
		};
		200C1A781F56E81900B39793 /* LaunchScreen.storyboard */ = {
			isa = PBXVariantGroup;
			children = (
				200C1A791F56E81900B39793 /* Base */,
			);
			name = LaunchScreen.storyboard;
			sourceTree = "<group>";
		};
/* End PBXVariantGroup section */

/* Begin XCBuildConfiguration section */
		200C1A7C1F56E81900B39793 /* Debug */ = {
			isa = XCBuildConfiguration;
			buildSettings = {
				ALWAYS_SEARCH_USER_PATHS = NO;
				CLANG_ANALYZER_NONNULL = YES;
				CLANG_ANALYZER_NUMBER_OBJECT_CONVERSION = YES_AGGRESSIVE;
				CLANG_CXX_LANGUAGE_STANDARD = "gnu++0x";
				CLANG_CXX_LIBRARY = "libc++";
				CLANG_ENABLE_MODULES = YES;
				CLANG_ENABLE_OBJC_ARC = YES;
				CLANG_WARN_BOOL_CONVERSION = YES;
				CLANG_WARN_CONSTANT_CONVERSION = YES;
				CLANG_WARN_DIRECT_OBJC_ISA_USAGE = YES_ERROR;
				CLANG_WARN_DOCUMENTATION_COMMENTS = YES;
				CLANG_WARN_EMPTY_BODY = YES;
				CLANG_WARN_ENUM_CONVERSION = YES;
				CLANG_WARN_INFINITE_RECURSION = YES;
				CLANG_WARN_INT_CONVERSION = YES;
				CLANG_WARN_OBJC_ROOT_CLASS = YES_ERROR;
				CLANG_WARN_SUSPICIOUS_MOVE = YES;
				CLANG_WARN_UNREACHABLE_CODE = YES;
				CLANG_WARN__DUPLICATE_METHOD_MATCH = YES;
				"CODE_SIGN_IDENTITY[sdk=iphoneos*]" = "iPhone Developer";
				COPY_PHASE_STRIP = NO;
				DEBUG_INFORMATION_FORMAT = dwarf;
				ENABLE_STRICT_OBJC_MSGSEND = YES;
				ENABLE_TESTABILITY = YES;
				GCC_C_LANGUAGE_STANDARD = gnu99;
				GCC_DYNAMIC_NO_PIC = NO;
				GCC_NO_COMMON_BLOCKS = YES;
				GCC_OPTIMIZATION_LEVEL = 0;
				GCC_PREPROCESSOR_DEFINITIONS = (
					"DEBUG=1",
					"$(inherited)",
				);
				GCC_WARN_64_TO_32_BIT_CONVERSION = YES;
				GCC_WARN_ABOUT_RETURN_TYPE = YES_ERROR;
				GCC_WARN_UNDECLARED_SELECTOR = YES;
				GCC_WARN_UNINITIALIZED_AUTOS = YES_AGGRESSIVE;
				GCC_WARN_UNUSED_FUNCTION = YES;
				GCC_WARN_UNUSED_VARIABLE = YES;
				IPHONEOS_DEPLOYMENT_TARGET = 10.3;
				MTL_ENABLE_DEBUG_INFO = YES;
				ONLY_ACTIVE_ARCH = YES;
				SDKROOT = iphoneos;
				SWIFT_ACTIVE_COMPILATION_CONDITIONS = DEBUG;
				SWIFT_OPTIMIZATION_LEVEL = "-Onone";
			};
			name = Debug;
		};
		200C1A7D1F56E81900B39793 /* Release */ = {
			isa = XCBuildConfiguration;
			buildSettings = {
				ALWAYS_SEARCH_USER_PATHS = NO;
				CLANG_ANALYZER_NONNULL = YES;
				CLANG_ANALYZER_NUMBER_OBJECT_CONVERSION = YES_AGGRESSIVE;
				CLANG_CXX_LANGUAGE_STANDARD = "gnu++0x";
				CLANG_CXX_LIBRARY = "libc++";
				CLANG_ENABLE_MODULES = YES;
				CLANG_ENABLE_OBJC_ARC = YES;
				CLANG_WARN_BOOL_CONVERSION = YES;
				CLANG_WARN_CONSTANT_CONVERSION = YES;
				CLANG_WARN_DIRECT_OBJC_ISA_USAGE = YES_ERROR;
				CLANG_WARN_DOCUMENTATION_COMMENTS = YES;
				CLANG_WARN_EMPTY_BODY = YES;
				CLANG_WARN_ENUM_CONVERSION = YES;
				CLANG_WARN_INFINITE_RECURSION = YES;
				CLANG_WARN_INT_CONVERSION = YES;
				CLANG_WARN_OBJC_ROOT_CLASS = YES_ERROR;
				CLANG_WARN_SUSPICIOUS_MOVE = YES;
				CLANG_WARN_UNREACHABLE_CODE = YES;
				CLANG_WARN__DUPLICATE_METHOD_MATCH = YES;
				"CODE_SIGN_IDENTITY[sdk=iphoneos*]" = "iPhone Developer";
				COPY_PHASE_STRIP = NO;
				DEBUG_INFORMATION_FORMAT = "dwarf-with-dsym";
				ENABLE_NS_ASSERTIONS = NO;
				ENABLE_STRICT_OBJC_MSGSEND = YES;
				GCC_C_LANGUAGE_STANDARD = gnu99;
				GCC_NO_COMMON_BLOCKS = YES;
				GCC_WARN_64_TO_32_BIT_CONVERSION = YES;
				GCC_WARN_ABOUT_RETURN_TYPE = YES_ERROR;
				GCC_WARN_UNDECLARED_SELECTOR = YES;
				GCC_WARN_UNINITIALIZED_AUTOS = YES_AGGRESSIVE;
				GCC_WARN_UNUSED_FUNCTION = YES;
				GCC_WARN_UNUSED_VARIABLE = YES;
				IPHONEOS_DEPLOYMENT_TARGET = 10.3;
				MTL_ENABLE_DEBUG_INFO = NO;
				SDKROOT = iphoneos;
				SWIFT_OPTIMIZATION_LEVEL = "-Owholemodule";
				VALIDATE_PRODUCT = YES;
			};
			name = Release;
		};
		200C1A7F1F56E81900B39793 /* Debug */ = {
			isa = XCBuildConfiguration;
			buildSettings = {
				ASSETCATALOG_COMPILER_APPICON_NAME = AppIcon;
				DEVELOPMENT_TEAM = 8W62GL8FE7;
				INFOPLIST_FILE = TravelLog/Info.plist;
				LD_RUNPATH_SEARCH_PATHS = "$(inherited) @executable_path/Frameworks";
				PRODUCT_BUNDLE_IDENTIFIER = com.ms.demo.TravelLog;
				PRODUCT_MODULE_NAME = TravelLog;
				PRODUCT_NAME = "$(TARGET_NAME)";
				SWIFT_VERSION = 3.0;
			};
			name = Debug;
		};
		200C1A801F56E81900B39793 /* Release */ = {
			isa = XCBuildConfiguration;
			buildSettings = {
				ASSETCATALOG_COMPILER_APPICON_NAME = AppIcon;
				DEVELOPMENT_TEAM = 8W62GL8FE7;
				INFOPLIST_FILE = TravelLog/Info.plist;
				LD_RUNPATH_SEARCH_PATHS = "$(inherited) @executable_path/Frameworks";
				PRODUCT_BUNDLE_IDENTIFIER = com.ms.demo.TravelLog;
				PRODUCT_MODULE_NAME = TravelLog;
				PRODUCT_NAME = "$(TARGET_NAME)";
				SWIFT_VERSION = 3.0;
			};
			name = Release;
		};
/* End XCBuildConfiguration section */

/* Begin XCConfigurationList section */
		200C1A671F56E81900B39793 /* Build configuration list for PBXProject "TravelLog" */ = {
			isa = XCConfigurationList;
			buildConfigurations = (
				200C1A7C1F56E81900B39793 /* Debug */,
				200C1A7D1F56E81900B39793 /* Release */,
			);
			defaultConfigurationIsVisible = 0;
			defaultConfigurationName = Release;
		};
		200C1A7E1F56E81900B39793 /* Build configuration list for PBXNativeTarget "TravelLog" */ = {
			isa = XCConfigurationList;
			buildConfigurations = (
				200C1A7F1F56E81900B39793 /* Debug */,
				200C1A801F56E81900B39793 /* Release */,
			);
			defaultConfigurationIsVisible = 0;
			defaultConfigurationName = Release;
		};
/* End XCConfigurationList section */
	};
	rootObject = 200C1A641F56E81900B39793 /* Project object */;
}
